{
  "version": 4,
  "terraform_version": "0.12.17",
  "serial": 5,
  "lineage": "806385cd-e637-1179-575e-9d7d44869957",
  "outputs": {
    "eip": {
      "value": {
        "allocation_id": null,
        "associate_with_private_ip": null,
        "association_id": "eipassoc-02a350fe6f7e7c74b",
        "domain": "vpc",
        "id": "eipalloc-0244babc6ea423db3",
        "instance": "i-06b7870baa52e3727",
        "network_interface": "eni-018254fe8c2fa2116",
        "private_dns": "ip-172-31-7-243.us-west-1.compute.internal",
        "private_ip": "172.31.7.243",
        "public_dns": "ec2-52-9-245-176.us-west-1.compute.amazonaws.com",
        "public_ip": "52.9.245.176",
        "public_ipv4_pool": "amazon",
        "tags": null,
        "timeouts": null,
        "vpc": true
      },
      "type": [
        "object",
        {
          "allocation_id": "string",
          "associate_with_private_ip": "string",
          "association_id": "string",
          "domain": "string",
          "id": "string",
          "instance": "string",
          "network_interface": "string",
          "private_dns": "string",
          "private_ip": "string",
          "public_dns": "string",
          "public_ip": "string",
          "public_ipv4_pool": "string",
          "tags": [
            "map",
            "string"
          ],
          "timeouts": [
            "object",
            {
              "delete": "string",
              "read": "string",
              "update": "string"
            }
          ],
          "vpc": "bool"
        }
      ]
    },
    "record53": {
      "value": {
        "alias": [],
        "allow_overwrite": null,
        "failover_routing_policy": [],
        "fqdn": "www.abhijeet.ka",
        "geolocation_routing_policy": [],
        "health_check_id": null,
        "id": "Z2F2UVEJSVBC11_www.abhijeet.ka_A",
        "latency_routing_policy": [],
        "multivalue_answer_routing_policy": null,
        "name": "www.abhijeet.ka",
        "records": [
          "52.9.245.176"
        ],
        "set_identifier": null,
        "ttl": 300,
        "type": "A",
        "weighted_routing_policy": [],
        "zone_id": "Z2F2UVEJSVBC11"
      },
      "type": [
        "object",
        {
          "alias": [
            "set",
            [
              "object",
              {
                "evaluate_target_health": "bool",
                "name": "string",
                "zone_id": "string"
              }
            ]
          ],
          "allow_overwrite": "bool",
          "failover_routing_policy": [
            "list",
            [
              "object",
              {
                "type": "string"
              }
            ]
          ],
          "fqdn": "string",
          "geolocation_routing_policy": [
            "list",
            [
              "object",
              {
                "continent": "string",
                "country": "string",
                "subdivision": "string"
              }
            ]
          ],
          "health_check_id": "string",
          "id": "string",
          "latency_routing_policy": [
            "list",
            [
              "object",
              {
                "region": "string"
              }
            ]
          ],
          "multivalue_answer_routing_policy": "bool",
          "name": "string",
          "records": [
            "set",
            "string"
          ],
          "set_identifier": "string",
          "ttl": "number",
          "type": "string",
          "weighted_routing_policy": [
            "list",
            [
              "object",
              {
                "weight": "number"
              }
            ]
          ],
          "zone_id": "string"
        }
      ]
    },
    "route53": {
      "value": {
        "comment": "Managed by Terraform",
        "delegation_set_id": "",
        "force_destroy": false,
        "id": "Z2F2UVEJSVBC11",
        "name": "abhijeet.ka.",
        "name_servers": [
          "ns-1093.awsdns-08.org",
          "ns-1578.awsdns-05.co.uk",
          "ns-192.awsdns-24.com",
          "ns-848.awsdns-42.net"
        ],
        "tags": null,
        "vpc": [],
        "vpc_id": null,
        "vpc_region": null,
        "zone_id": "Z2F2UVEJSVBC11"
      },
      "type": [
        "object",
        {
          "comment": "string",
          "delegation_set_id": "string",
          "force_destroy": "bool",
          "id": "string",
          "name": "string",
          "name_servers": [
            "list",
            "string"
          ],
          "tags": [
            "map",
            "string"
          ],
          "vpc": [
            "set",
            [
              "object",
              {
                "vpc_id": "string",
                "vpc_region": "string"
              }
            ]
          ],
          "vpc_id": "string",
          "vpc_region": "string",
          "zone_id": "string"
        }
      ]
    }
  },
  "resources": [
    {
      "mode": "managed",
      "type": "aws_eip",
      "name": "eip_r53_instance",
      "provider": "provider.aws",
      "instances": [
        {
          "schema_version": 0,
          "attributes": {
            "allocation_id": null,
            "associate_with_private_ip": null,
            "association_id": "eipassoc-02a350fe6f7e7c74b",
            "domain": "vpc",
            "id": "eipalloc-0244babc6ea423db3",
            "instance": "i-06b7870baa52e3727",
            "network_interface": "eni-018254fe8c2fa2116",
            "private_dns": "ip-172-31-7-243.us-west-1.compute.internal",
            "private_ip": "172.31.7.243",
            "public_dns": "ec2-52-9-245-176.us-west-1.compute.amazonaws.com",
            "public_ip": "52.9.245.176",
            "public_ipv4_pool": "amazon",
            "tags": null,
            "timeouts": null,
            "vpc": true
          },
          "private": "eyJlMmJmYjczMC1lY2FhLTExZTYtOGY4OC0zNDM2M2JjN2M0YzAiOnsiZGVsZXRlIjoxODAwMDAwMDAwMDAsInJlYWQiOjkwMDAwMDAwMDAwMCwidXBkYXRlIjozMDAwMDAwMDAwMDB9fQ==",
          "dependencies": [
            "aws_instance.r53_instance"
          ]
        }
      ]
    },
    {
      "mode": "managed",
      "type": "aws_instance",
      "name": "r53_instance",
      "provider": "provider.aws",
      "instances": [
        {
          "schema_version": 1,
          "attributes": {
            "ami": "ami-03ba3948f6c37a4b0",
            "arn": "arn:aws:ec2:us-west-1:378360623446:instance/i-06b7870baa52e3727",
            "associate_public_ip_address": true,
            "availability_zone": "us-west-1c",
            "cpu_core_count": 1,
            "cpu_threads_per_core": 1,
            "credit_specification": [
              {
                "cpu_credits": "standard"
              }
            ],
            "disable_api_termination": false,
            "ebs_block_device": [],
            "ebs_optimized": false,
            "ephemeral_block_device": [],
            "get_password_data": false,
            "hibernation": false,
            "host_id": null,
            "iam_instance_profile": "",
            "id": "i-06b7870baa52e3727",
            "instance_initiated_shutdown_behavior": null,
            "instance_state": "running",
            "instance_type": "t2.micro",
            "ipv6_address_count": 0,
            "ipv6_addresses": [],
            "key_name": "",
            "monitoring": false,
            "network_interface": [],
            "network_interface_id": null,
            "password_data": "",
            "placement_group": "",
            "primary_network_interface_id": "eni-018254fe8c2fa2116",
            "private_dns": "ip-172-31-7-243.us-west-1.compute.internal",
            "private_ip": "172.31.7.243",
            "public_dns": "ec2-54-153-1-51.us-west-1.compute.amazonaws.com",
            "public_ip": "54.153.1.51",
            "root_block_device": [
              {
                "delete_on_termination": true,
                "encrypted": false,
                "iops": 100,
                "kms_key_id": "",
                "volume_id": "vol-0a8e14e526b4d6870",
                "volume_size": 8,
                "volume_type": "gp2"
              }
            ],
            "security_groups": [
              "default"
            ],
            "source_dest_check": true,
            "subnet_id": "subnet-fad23ea0",
            "tags": null,
            "tenancy": "default",
            "timeouts": null,
            "user_data": null,
            "user_data_base64": null,
            "volume_tags": {},
            "vpc_security_group_ids": [
              "sg-dcc2b8ad"
            ]
          },
          "private": "eyJlMmJmYjczMC1lY2FhLTExZTYtOGY4OC0zNDM2M2JjN2M0YzAiOnsiY3JlYXRlIjo2MDAwMDAwMDAwMDAsImRlbGV0ZSI6MTIwMDAwMDAwMDAwMCwidXBkYXRlIjo2MDAwMDAwMDAwMDB9LCJzY2hlbWFfdmVyc2lvbiI6IjEifQ=="
        }
      ]
    },
    {
      "mode": "managed",
      "type": "aws_route53_record",
      "name": "r53_record",
      "provider": "provider.aws",
      "instances": [
        {
          "schema_version": 2,
          "attributes": {
            "alias": [],
            "allow_overwrite": null,
            "failover_routing_policy": [],
            "fqdn": "www.abhijeet.ka",
            "geolocation_routing_policy": [],
            "health_check_id": null,
            "id": "Z2F2UVEJSVBC11_www.abhijeet.ka_A",
            "latency_routing_policy": [],
            "multivalue_answer_routing_policy": null,
            "name": "www.abhijeet.ka",
            "records": [
              "52.9.245.176"
            ],
            "set_identifier": null,
            "ttl": 300,
            "type": "A",
            "weighted_routing_policy": [],
            "zone_id": "Z2F2UVEJSVBC11"
          },
          "private": "eyJzY2hlbWFfdmVyc2lvbiI6IjIifQ==",
          "dependencies": [
            "aws_eip.eip_r53_instance",
            "aws_instance.r53_instance",
            "aws_route53_zone.r53_zone"
          ]
        }
      ]
    },
    {
      "mode": "managed",
      "type": "aws_route53_zone",
      "name": "r53_zone",
      "provider": "provider.aws",
      "instances": [
        {
          "schema_version": 0,
          "attributes": {
            "comment": "Managed by Terraform",
            "delegation_set_id": "",
            "force_destroy": false,
            "id": "Z2F2UVEJSVBC11",
            "name": "abhijeet.ka.",
            "name_servers": [
              "ns-1093.awsdns-08.org",
              "ns-1578.awsdns-05.co.uk",
              "ns-192.awsdns-24.com",
              "ns-848.awsdns-42.net"
            ],
            "tags": null,
            "vpc": [],
            "vpc_id": null,
            "vpc_region": null,
            "zone_id": "Z2F2UVEJSVBC11"
          },
          "private": "bnVsbA=="
        }
      ]
    }
  ]
}
