{
  "version": 4,
  "terraform_version": "0.12.17",
  "serial": 25,
  "lineage": "be85e4ba-e831-2a61-9644-5191d304b9f8",
  "outputs": {
    "internet_gateway": {
      "value": {
        "id": "igw-076434a364ac8f52b",
        "owner_id": "378360623446",
        "tags": {
          "Name": "Main-IG"
        },
        "vpc_id": "vpc-0cbede9266020ea93"
      },
      "type": [
        "object",
        {
          "id": "string",
          "owner_id": "string",
          "tags": [
            "map",
            "string"
          ],
          "vpc_id": "string"
        }
      ]
    },
    "vpc": {
      "value": {
        "arn": "arn:aws:ec2:us-west-1:378360623446:vpc/vpc-0cbede9266020ea93",
        "assign_generated_ipv6_cidr_block": false,
        "cidr_block": "10.0.0.0/16",
        "default_network_acl_id": "acl-0d927cae59abaf7a0",
        "default_route_table_id": "rtb-0cbba5df0b41f7f6d",
        "default_security_group_id": "sg-0cd56db2445faf058",
        "dhcp_options_id": "dopt-6d24340a",
        "enable_classiclink": false,
        "enable_classiclink_dns_support": false,
        "enable_dns_hostnames": false,
        "enable_dns_support": true,
        "id": "vpc-0cbede9266020ea93",
        "instance_tenancy": "default",
        "ipv6_association_id": "",
        "ipv6_cidr_block": "",
        "main_route_table_id": "rtb-0cbba5df0b41f7f6d",
        "owner_id": "378360623446",
        "tags": {
          "Name": "main"
        }
      },
      "type": [
        "object",
        {
          "arn": "string",
          "assign_generated_ipv6_cidr_block": "bool",
          "cidr_block": "string",
          "default_network_acl_id": "string",
          "default_route_table_id": "string",
          "default_security_group_id": "string",
          "dhcp_options_id": "string",
          "enable_classiclink": "bool",
          "enable_classiclink_dns_support": "bool",
          "enable_dns_hostnames": "bool",
          "enable_dns_support": "bool",
          "id": "string",
          "instance_tenancy": "string",
          "ipv6_association_id": "string",
          "ipv6_cidr_block": "string",
          "main_route_table_id": "string",
          "owner_id": "string",
          "tags": [
            "map",
            "string"
          ]
        }
      ]
    }
  },
  "resources": [
    {
      "mode": "managed",
      "type": "aws_internet_gateway",
      "name": "ig_us_west_1",
      "provider": "provider.aws",
      "instances": [
        {
          "schema_version": 0,
          "attributes": {
            "id": "igw-076434a364ac8f52b",
            "owner_id": "378360623446",
            "tags": {
              "Name": "Main-IG"
            },
            "vpc_id": "vpc-0cbede9266020ea93"
          },
          "private": "bnVsbA==",
          "dependencies": [
            "aws_vpc.main"
          ]
        }
      ]
    },
    {
      "mode": "managed",
      "type": "aws_route_table",
      "name": "route_table",
      "provider": "provider.aws",
      "instances": [
        {
          "schema_version": 0,
          "attributes": {
            "id": "rtb-013755d252eb2f64e",
            "owner_id": "378360623446",
            "propagating_vgws": [],
            "route": [
              {
                "cidr_block": "0.0.0.0/0",
                "egress_only_gateway_id": "",
                "gateway_id": "igw-076434a364ac8f52b",
                "instance_id": "",
                "ipv6_cidr_block": "",
                "nat_gateway_id": "",
                "network_interface_id": "",
                "transit_gateway_id": "",
                "vpc_peering_connection_id": ""
              }
            ],
            "tags": null,
            "vpc_id": "vpc-0cbede9266020ea93"
          },
          "private": "bnVsbA==",
          "dependencies": [
            "aws_internet_gateway.ig_us_west_1",
            "aws_vpc.main"
          ]
        }
      ]
    },
    {
      "mode": "managed",
      "type": "aws_route_table_association",
      "name": "main_public_route",
      "provider": "provider.aws",
      "instances": [
        {
          "schema_version": 0,
          "attributes": {
            "gateway_id": null,
            "id": "rtbassoc-0f3651895ad34dde9",
            "route_table_id": "rtb-013755d252eb2f64e",
            "subnet_id": "subnet-0c4d4306590efe1bf"
          },
          "private": "bnVsbA==",
          "dependencies": [
            "aws_internet_gateway.ig_us_west_1",
            "aws_route_table.route_table",
            "aws_subnet.main_private",
            "aws_vpc.main"
          ]
        }
      ]
    },
    {
      "mode": "managed",
      "type": "aws_subnet",
      "name": "main_private",
      "provider": "provider.aws",
      "instances": [
        {
          "schema_version": 1,
          "attributes": {
            "arn": "arn:aws:ec2:us-west-1:378360623446:subnet/subnet-0c4d4306590efe1bf",
            "assign_ipv6_address_on_creation": false,
            "availability_zone": "us-west-1c",
            "availability_zone_id": "usw1-az3",
            "cidr_block": "10.0.2.0/24",
            "id": "subnet-0c4d4306590efe1bf",
            "ipv6_cidr_block": "",
            "ipv6_cidr_block_association_id": "",
            "map_public_ip_on_launch": false,
            "owner_id": "378360623446",
            "tags": {
              "Name": "main-private"
            },
            "timeouts": null,
            "vpc_id": "vpc-0cbede9266020ea93"
          },
          "private": "eyJlMmJmYjczMC1lY2FhLTExZTYtOGY4OC0zNDM2M2JjN2M0YzAiOnsiY3JlYXRlIjo2MDAwMDAwMDAwMDAsImRlbGV0ZSI6MTIwMDAwMDAwMDAwMH0sInNjaGVtYV92ZXJzaW9uIjoiMSJ9",
          "dependencies": [
            "aws_vpc.main"
          ]
        }
      ]
    },
    {
      "mode": "managed",
      "type": "aws_subnet",
      "name": "main_public",
      "provider": "provider.aws",
      "instances": [
        {
          "schema_version": 1,
          "attributes": {
            "arn": "arn:aws:ec2:us-west-1:378360623446:subnet/subnet-0fb2f15a67cfa5a7b",
            "assign_ipv6_address_on_creation": false,
            "availability_zone": "us-west-1c",
            "availability_zone_id": "usw1-az3",
            "cidr_block": "10.0.1.0/24",
            "id": "subnet-0fb2f15a67cfa5a7b",
            "ipv6_cidr_block": "",
            "ipv6_cidr_block_association_id": "",
            "map_public_ip_on_launch": false,
            "owner_id": "378360623446",
            "tags": {
              "Name": "main-public"
            },
            "timeouts": null,
            "vpc_id": "vpc-0cbede9266020ea93"
          },
          "private": "eyJlMmJmYjczMC1lY2FhLTExZTYtOGY4OC0zNDM2M2JjN2M0YzAiOnsiY3JlYXRlIjo2MDAwMDAwMDAwMDAsImRlbGV0ZSI6MTIwMDAwMDAwMDAwMH0sInNjaGVtYV92ZXJzaW9uIjoiMSJ9",
          "dependencies": [
            "aws_vpc.main"
          ]
        }
      ]
    },
    {
      "mode": "managed",
      "type": "aws_vpc",
      "name": "main",
      "provider": "provider.aws",
      "instances": [
        {
          "schema_version": 1,
          "attributes": {
            "arn": "arn:aws:ec2:us-west-1:378360623446:vpc/vpc-0cbede9266020ea93",
            "assign_generated_ipv6_cidr_block": false,
            "cidr_block": "10.0.0.0/16",
            "default_network_acl_id": "acl-0d927cae59abaf7a0",
            "default_route_table_id": "rtb-0cbba5df0b41f7f6d",
            "default_security_group_id": "sg-0cd56db2445faf058",
            "dhcp_options_id": "dopt-6d24340a",
            "enable_classiclink": false,
            "enable_classiclink_dns_support": false,
            "enable_dns_hostnames": false,
            "enable_dns_support": true,
            "id": "vpc-0cbede9266020ea93",
            "instance_tenancy": "default",
            "ipv6_association_id": "",
            "ipv6_cidr_block": "",
            "main_route_table_id": "rtb-0cbba5df0b41f7f6d",
            "owner_id": "378360623446",
            "tags": {
              "Name": "main"
            }
          },
          "private": "eyJzY2hlbWFfdmVyc2lvbiI6IjEifQ=="
        }
      ]
    }
  ]
}
