{
  "version": 4,
  "terraform_version": "0.12.17",
  "serial": 94,
  "lineage": "3584d721-89f4-7f91-84d6-aa8da2479217",
  "outputs": {},
  "resources": [
    {
      "mode": "managed",
      "type": "aws_autoscaling_group",
      "name": "ec2_autoscaling_group",
      "provider": "provider.aws",
      "instances": [
        {
          "schema_version": 0,
          "attributes": {
            "arn": "arn:aws:autoscaling:us-west-1:378360623446:autoScalingGroup:fc6de7aa-e5cb-4000-a5ba-a8d9136af40a:autoScalingGroupName/ec2-instance-autoscaling",
            "availability_zones": [
              "us-west-1a",
              "us-west-1c"
            ],
            "default_cooldown": 300,
            "desired_capacity": 2,
            "enabled_metrics": null,
            "force_delete": true,
            "health_check_grace_period": 300,
            "health_check_type": "ELB",
            "id": "ec2-instance-autoscaling",
            "initial_lifecycle_hook": [],
            "launch_configuration": "ec2-autoscaling-configuration",
            "launch_template": [],
            "load_balancers": [
              "my-elb"
            ],
            "max_instance_lifetime": 0,
            "max_size": 3,
            "metrics_granularity": "1Minute",
            "min_elb_capacity": null,
            "min_size": 2,
            "mixed_instances_policy": [],
            "name": "ec2-instance-autoscaling",
            "name_prefix": null,
            "placement_group": "",
            "protect_from_scale_in": false,
            "service_linked_role_arn": "arn:aws:iam::378360623446:role/aws-service-role/autoscaling.amazonaws.com/AWSServiceRoleForAutoScaling",
            "suspended_processes": null,
            "tag": [
              {
                "key": "Name",
                "propagate_at_launch": true,
                "value": "ec2_instance"
              }
            ],
            "tags": null,
            "target_group_arns": [],
            "termination_policies": null,
            "timeouts": null,
            "vpc_zone_identifier": [
              "subnet-06dd427b05426f927",
              "subnet-088a5044f9b00b366"
            ],
            "wait_for_capacity_timeout": "10m",
            "wait_for_elb_capacity": null
          },
          "private": "eyJlMmJmYjczMC1lY2FhLTExZTYtOGY4OC0zNDM2M2JjN2M0YzAiOnsiZGVsZXRlIjo2MDAwMDAwMDAwMDB9fQ==",
          "dependencies": [
            "aws_elb.my_elb",
            "aws_launch_configuration.ec2_launch_configuration",
            "aws_security_group.allow_http",
            "aws_security_group.allow_ssh",
            "aws_subnet.main_public_1",
            "aws_subnet.main_public_2",
            "aws_vpc.main"
          ]
        }
      ]
    },
    {
      "mode": "managed",
      "type": "aws_autoscaling_policy",
      "name": "ec2_autoscaling_group_policy_scaledown",
      "provider": "provider.aws",
      "instances": [
        {
          "schema_version": 0,
          "attributes": {
            "adjustment_type": "ChangeInCapacity",
            "arn": "arn:aws:autoscaling:us-west-1:378360623446:scalingPolicy:93798316-01fe-4cb2-9cf6-0f83a59dcfef:autoScalingGroupName/ec2-instance-autoscaling:policyName/ec2_autoscaling_group_policy_scaledown",
            "autoscaling_group_name": "ec2-instance-autoscaling",
            "cooldown": 300,
            "estimated_instance_warmup": 0,
            "id": "ec2_autoscaling_group_policy_scaledown",
            "metric_aggregation_type": "",
            "min_adjustment_magnitude": null,
            "min_adjustment_step": null,
            "name": "ec2_autoscaling_group_policy_scaledown",
            "policy_type": "SimpleScaling",
            "scaling_adjustment": -1,
            "step_adjustment": [],
            "target_tracking_configuration": []
          },
          "private": "bnVsbA==",
          "dependencies": [
            "aws_autoscaling_group.ec2_autoscaling_group",
            "aws_elb.my_elb",
            "aws_launch_configuration.ec2_launch_configuration",
            "aws_security_group.allow_http",
            "aws_security_group.allow_ssh",
            "aws_subnet.main_public_1",
            "aws_subnet.main_public_2",
            "aws_vpc.main"
          ]
        }
      ]
    },
    {
      "mode": "managed",
      "type": "aws_autoscaling_policy",
      "name": "ec2_autoscaling_group_policy_scaleup",
      "provider": "provider.aws",
      "instances": [
        {
          "schema_version": 0,
          "attributes": {
            "adjustment_type": "ChangeInCapacity",
            "arn": "arn:aws:autoscaling:us-west-1:378360623446:scalingPolicy:c92e4e74-ca8f-483e-9179-61714bf26be7:autoScalingGroupName/ec2-instance-autoscaling:policyName/ec2_autoscaling_group_policy_scaleup",
            "autoscaling_group_name": "ec2-instance-autoscaling",
            "cooldown": 300,
            "estimated_instance_warmup": 0,
            "id": "ec2_autoscaling_group_policy_scaleup",
            "metric_aggregation_type": "",
            "min_adjustment_magnitude": null,
            "min_adjustment_step": null,
            "name": "ec2_autoscaling_group_policy_scaleup",
            "policy_type": "SimpleScaling",
            "scaling_adjustment": 1,
            "step_adjustment": [],
            "target_tracking_configuration": []
          },
          "private": "bnVsbA==",
          "dependencies": [
            "aws_autoscaling_group.ec2_autoscaling_group",
            "aws_elb.my_elb",
            "aws_launch_configuration.ec2_launch_configuration",
            "aws_security_group.allow_http",
            "aws_security_group.allow_ssh",
            "aws_subnet.main_public_1",
            "aws_subnet.main_public_2",
            "aws_vpc.main"
          ]
        }
      ]
    },
    {
      "mode": "managed",
      "type": "aws_cloudwatch_metric_alarm",
      "name": "ec2_cloudwatch_alam_scaledown",
      "provider": "provider.aws",
      "instances": [
        {
          "schema_version": 1,
          "attributes": {
            "actions_enabled": true,
            "alarm_actions": [
              "arn:aws:autoscaling:us-west-1:378360623446:scalingPolicy:93798316-01fe-4cb2-9cf6-0f83a59dcfef:autoScalingGroupName/ec2-instance-autoscaling:policyName/ec2_autoscaling_group_policy_scaledown"
            ],
            "alarm_description": "Alarm to scale down the EC2 instance",
            "alarm_name": "ec2_cloudwatch_alam_scaledown",
            "arn": "arn:aws:cloudwatch:us-west-1:378360623446:alarm:ec2_cloudwatch_alam_scaledown",
            "comparison_operator": "LessThanOrEqualToThreshold",
            "datapoints_to_alarm": 0,
            "dimensions": {
              "AutoScalingGroupName": "ec2-instance-autoscaling"
            },
            "evaluate_low_sample_count_percentiles": "",
            "evaluation_periods": 2,
            "extended_statistic": "",
            "id": "ec2_cloudwatch_alam_scaledown",
            "insufficient_data_actions": null,
            "metric_name": "CPUUtilization",
            "metric_query": [],
            "namespace": "AWS/EC2",
            "ok_actions": null,
            "period": 120,
            "statistic": "Average",
            "tags": null,
            "threshold": 5,
            "threshold_metric_id": "",
            "treat_missing_data": "missing",
            "unit": ""
          },
          "private": "eyJzY2hlbWFfdmVyc2lvbiI6IjEifQ==",
          "dependencies": [
            "aws_autoscaling_group.ec2_autoscaling_group",
            "aws_autoscaling_policy.ec2_autoscaling_group_policy_scaledown",
            "aws_elb.my_elb",
            "aws_launch_configuration.ec2_launch_configuration",
            "aws_security_group.allow_http",
            "aws_security_group.allow_ssh",
            "aws_subnet.main_public_1",
            "aws_subnet.main_public_2",
            "aws_vpc.main"
          ]
        }
      ]
    },
    {
      "mode": "managed",
      "type": "aws_cloudwatch_metric_alarm",
      "name": "ec2_cloudwatch_alam_scaleup",
      "provider": "provider.aws",
      "instances": [
        {
          "schema_version": 1,
          "attributes": {
            "actions_enabled": true,
            "alarm_actions": [
              "arn:aws:autoscaling:us-west-1:378360623446:scalingPolicy:c92e4e74-ca8f-483e-9179-61714bf26be7:autoScalingGroupName/ec2-instance-autoscaling:policyName/ec2_autoscaling_group_policy_scaleup"
            ],
            "alarm_description": " Alarm to scale up the EC2 instance",
            "alarm_name": "ec2_cloudwatch_alam_scaleup",
            "arn": "arn:aws:cloudwatch:us-west-1:378360623446:alarm:ec2_cloudwatch_alam_scaleup",
            "comparison_operator": "GreaterThanOrEqualToThreshold",
            "datapoints_to_alarm": 0,
            "dimensions": {
              "AutoScalingGroupName": "ec2-instance-autoscaling"
            },
            "evaluate_low_sample_count_percentiles": "",
            "evaluation_periods": 2,
            "extended_statistic": "",
            "id": "ec2_cloudwatch_alam_scaleup",
            "insufficient_data_actions": null,
            "metric_name": "CPUUtilization",
            "metric_query": [],
            "namespace": "AWS/EC2",
            "ok_actions": null,
            "period": 120,
            "statistic": "Average",
            "tags": null,
            "threshold": 5,
            "threshold_metric_id": "",
            "treat_missing_data": "missing",
            "unit": ""
          },
          "private": "eyJzY2hlbWFfdmVyc2lvbiI6IjEifQ==",
          "dependencies": [
            "aws_autoscaling_group.ec2_autoscaling_group",
            "aws_autoscaling_policy.ec2_autoscaling_group_policy_scaleup",
            "aws_elb.my_elb",
            "aws_launch_configuration.ec2_launch_configuration",
            "aws_security_group.allow_http",
            "aws_security_group.allow_ssh",
            "aws_subnet.main_public_1",
            "aws_subnet.main_public_2",
            "aws_vpc.main"
          ]
        }
      ]
    },
    {
      "mode": "managed",
      "type": "aws_elb",
      "name": "my_elb",
      "provider": "provider.aws",
      "instances": [
        {
          "schema_version": 0,
          "attributes": {
            "access_logs": [],
            "arn": "arn:aws:elasticloadbalancing:us-west-1:378360623446:loadbalancer/my-elb",
            "availability_zones": [
              "us-west-1a",
              "us-west-1c"
            ],
            "connection_draining": true,
            "connection_draining_timeout": 300,
            "cross_zone_load_balancing": true,
            "dns_name": "my-elb-672597269.us-west-1.elb.amazonaws.com",
            "health_check": [
              {
                "healthy_threshold": 2,
                "interval": 30,
                "target": "HTTP:80/",
                "timeout": 3,
                "unhealthy_threshold": 2
              }
            ],
            "id": "my-elb",
            "idle_timeout": 60,
            "instances": [],
            "internal": false,
            "listener": [
              {
                "instance_port": 80,
                "instance_protocol": "http",
                "lb_port": 80,
                "lb_protocol": "http",
                "ssl_certificate_id": ""
              }
            ],
            "name": "my-elb",
            "name_prefix": null,
            "security_groups": [
              "sg-0996d198bcacde3cd"
            ],
            "source_security_group": "378360623446/allow-http",
            "source_security_group_id": "sg-0996d198bcacde3cd",
            "subnets": [
              "subnet-06dd427b05426f927",
              "subnet-088a5044f9b00b366"
            ],
            "tags": {
              "Name": "my-elb"
            },
            "zone_id": "Z368ELLRRE2KJ0"
          },
          "private": "bnVsbA==",
          "dependencies": [
            "aws_security_group.allow_http",
            "aws_subnet.main_public_1",
            "aws_subnet.main_public_2",
            "aws_vpc.main"
          ]
        }
      ]
    },
    {
      "mode": "managed",
      "type": "aws_internet_gateway",
      "name": "ig_main",
      "provider": "provider.aws",
      "instances": [
        {
          "schema_version": 0,
          "attributes": {
            "id": "igw-05eb49fb0d743adb9",
            "owner_id": "378360623446",
            "tags": {
              "Name": "ig-main"
            },
            "vpc_id": "vpc-0d6a83cf001563284"
          },
          "private": "bnVsbA==",
          "dependencies": [
            "aws_vpc.main"
          ]
        }
      ]
    },
    {
      "mode": "managed",
      "type": "aws_launch_configuration",
      "name": "ec2_launch_configuration",
      "provider": "provider.aws",
      "instances": [
        {
          "schema_version": 0,
          "attributes": {
            "arn": "arn:aws:autoscaling:us-west-1:378360623446:launchConfiguration:f5d1749f-dc4f-45b0-8de2-109450819c7a:launchConfigurationName/ec2-autoscaling-configuration",
            "associate_public_ip_address": true,
            "ebs_block_device": [],
            "ebs_optimized": false,
            "enable_monitoring": true,
            "ephemeral_block_device": [],
            "iam_instance_profile": "",
            "id": "ec2-autoscaling-configuration",
            "image_id": "ami-03ba3948f6c37a4b0",
            "instance_type": "t2.micro",
            "key_name": "nginx",
            "name": "ec2-autoscaling-configuration",
            "name_prefix": null,
            "placement_tenancy": null,
            "root_block_device": [],
            "security_groups": [
              "sg-0996d198bcacde3cd",
              "sg-0eb9c06ac8cec8ed2"
            ],
            "spot_price": "",
            "user_data": "2e1e2d24ef235c85db0c17ab289b8cb2f5c622a4",
            "user_data_base64": null,
            "vpc_classic_link_id": "",
            "vpc_classic_link_security_groups": null
          },
          "private": "bnVsbA==",
          "dependencies": [
            "aws_security_group.allow_http",
            "aws_security_group.allow_ssh",
            "aws_vpc.main"
          ]
        }
      ]
    },
    {
      "mode": "managed",
      "type": "aws_route_table",
      "name": "ig_route_main",
      "provider": "provider.aws",
      "instances": [
        {
          "schema_version": 0,
          "attributes": {
            "id": "rtb-0d5cb6d603a9037f8",
            "owner_id": "378360623446",
            "propagating_vgws": [],
            "route": [
              {
                "cidr_block": "0.0.0.0/0",
                "egress_only_gateway_id": "",
                "gateway_id": "igw-05eb49fb0d743adb9",
                "instance_id": "",
                "ipv6_cidr_block": "",
                "nat_gateway_id": "",
                "network_interface_id": "",
                "transit_gateway_id": "",
                "vpc_peering_connection_id": ""
              }
            ],
            "tags": null,
            "vpc_id": "vpc-0d6a83cf001563284"
          },
          "private": "bnVsbA==",
          "dependencies": [
            "aws_internet_gateway.ig_main",
            "aws_vpc.main"
          ]
        }
      ]
    },
    {
      "mode": "managed",
      "type": "aws_route_table_association",
      "name": "ig_route_table_associate_1",
      "provider": "provider.aws",
      "instances": [
        {
          "schema_version": 0,
          "attributes": {
            "gateway_id": null,
            "id": "rtbassoc-09c5da6d50105672c",
            "route_table_id": "rtb-0d5cb6d603a9037f8",
            "subnet_id": "subnet-06dd427b05426f927"
          },
          "private": "bnVsbA==",
          "dependencies": [
            "aws_internet_gateway.ig_main",
            "aws_route_table.ig_route_main",
            "aws_subnet.main_public_1",
            "aws_vpc.main"
          ]
        }
      ]
    },
    {
      "mode": "managed",
      "type": "aws_route_table_association",
      "name": "ig_route_table_associate_2",
      "provider": "provider.aws",
      "instances": [
        {
          "schema_version": 0,
          "attributes": {
            "gateway_id": null,
            "id": "rtbassoc-065190343bb5cdcdf",
            "route_table_id": "rtb-0d5cb6d603a9037f8",
            "subnet_id": "subnet-088a5044f9b00b366"
          },
          "private": "bnVsbA==",
          "dependencies": [
            "aws_internet_gateway.ig_main",
            "aws_route_table.ig_route_main",
            "aws_subnet.main_public_2",
            "aws_vpc.main"
          ]
        }
      ]
    },
    {
      "mode": "managed",
      "type": "aws_security_group",
      "name": "allow_http",
      "provider": "provider.aws",
      "instances": [
        {
          "schema_version": 1,
          "attributes": {
            "arn": "arn:aws:ec2:us-west-1:378360623446:security-group/sg-0996d198bcacde3cd",
            "description": "Managed by Terraform",
            "egress": [
              {
                "cidr_blocks": [
                  "0.0.0.0/0"
                ],
                "description": "",
                "from_port": 0,
                "ipv6_cidr_blocks": [],
                "prefix_list_ids": [],
                "protocol": "-1",
                "security_groups": [],
                "self": false,
                "to_port": 0
              }
            ],
            "id": "sg-0996d198bcacde3cd",
            "ingress": [
              {
                "cidr_blocks": [
                  "0.0.0.0/0"
                ],
                "description": "",
                "from_port": 80,
                "ipv6_cidr_blocks": [],
                "prefix_list_ids": [],
                "protocol": "tcp",
                "security_groups": [],
                "self": false,
                "to_port": 80
              }
            ],
            "name": "allow-http",
            "name_prefix": null,
            "owner_id": "378360623446",
            "revoke_rules_on_delete": false,
            "tags": null,
            "timeouts": null,
            "vpc_id": "vpc-0d6a83cf001563284"
          },
          "private": "eyJlMmJmYjczMC1lY2FhLTExZTYtOGY4OC0zNDM2M2JjN2M0YzAiOnsiY3JlYXRlIjo2MDAwMDAwMDAwMDAsImRlbGV0ZSI6NjAwMDAwMDAwMDAwfSwic2NoZW1hX3ZlcnNpb24iOiIxIn0=",
          "dependencies": [
            "aws_vpc.main"
          ]
        }
      ]
    },
    {
      "mode": "managed",
      "type": "aws_security_group",
      "name": "allow_ssh",
      "provider": "provider.aws",
      "instances": [
        {
          "schema_version": 1,
          "attributes": {
            "arn": "arn:aws:ec2:us-west-1:378360623446:security-group/sg-0eb9c06ac8cec8ed2",
            "description": "Managed by Terraform",
            "egress": [
              {
                "cidr_blocks": [
                  "0.0.0.0/0"
                ],
                "description": "",
                "from_port": 0,
                "ipv6_cidr_blocks": [],
                "prefix_list_ids": [],
                "protocol": "-1",
                "security_groups": [],
                "self": false,
                "to_port": 0
              }
            ],
            "id": "sg-0eb9c06ac8cec8ed2",
            "ingress": [
              {
                "cidr_blocks": [
                  "0.0.0.0/0"
                ],
                "description": "",
                "from_port": 22,
                "ipv6_cidr_blocks": [],
                "prefix_list_ids": [],
                "protocol": "tcp",
                "security_groups": [],
                "self": false,
                "to_port": 22
              }
            ],
            "name": "allow-ssh",
            "name_prefix": null,
            "owner_id": "378360623446",
            "revoke_rules_on_delete": false,
            "tags": null,
            "timeouts": null,
            "vpc_id": "vpc-0d6a83cf001563284"
          },
          "private": "eyJlMmJmYjczMC1lY2FhLTExZTYtOGY4OC0zNDM2M2JjN2M0YzAiOnsiY3JlYXRlIjo2MDAwMDAwMDAwMDAsImRlbGV0ZSI6NjAwMDAwMDAwMDAwfSwic2NoZW1hX3ZlcnNpb24iOiIxIn0=",
          "dependencies": [
            "aws_vpc.main"
          ]
        }
      ]
    },
    {
      "mode": "managed",
      "type": "aws_subnet",
      "name": "main_public_1",
      "provider": "provider.aws",
      "instances": [
        {
          "schema_version": 1,
          "attributes": {
            "arn": "arn:aws:ec2:us-west-1:378360623446:subnet/subnet-06dd427b05426f927",
            "assign_ipv6_address_on_creation": false,
            "availability_zone": "us-west-1a",
            "availability_zone_id": "usw1-az1",
            "cidr_block": "10.0.1.0/24",
            "id": "subnet-06dd427b05426f927",
            "ipv6_cidr_block": "",
            "ipv6_cidr_block_association_id": "",
            "map_public_ip_on_launch": true,
            "owner_id": "378360623446",
            "tags": {
              "Name": "vpc-main-public-1"
            },
            "timeouts": null,
            "vpc_id": "vpc-0d6a83cf001563284"
          },
          "private": "eyJlMmJmYjczMC1lY2FhLTExZTYtOGY4OC0zNDM2M2JjN2M0YzAiOnsiY3JlYXRlIjo2MDAwMDAwMDAwMDAsImRlbGV0ZSI6MTIwMDAwMDAwMDAwMH0sInNjaGVtYV92ZXJzaW9uIjoiMSJ9",
          "dependencies": [
            "aws_vpc.main"
          ]
        }
      ]
    },
    {
      "mode": "managed",
      "type": "aws_subnet",
      "name": "main_public_2",
      "provider": "provider.aws",
      "instances": [
        {
          "schema_version": 1,
          "attributes": {
            "arn": "arn:aws:ec2:us-west-1:378360623446:subnet/subnet-088a5044f9b00b366",
            "assign_ipv6_address_on_creation": false,
            "availability_zone": "us-west-1c",
            "availability_zone_id": "usw1-az3",
            "cidr_block": "10.0.2.0/24",
            "id": "subnet-088a5044f9b00b366",
            "ipv6_cidr_block": "",
            "ipv6_cidr_block_association_id": "",
            "map_public_ip_on_launch": true,
            "owner_id": "378360623446",
            "tags": {
              "Name": "vpc-main-public-2"
            },
            "timeouts": null,
            "vpc_id": "vpc-0d6a83cf001563284"
          },
          "private": "eyJlMmJmYjczMC1lY2FhLTExZTYtOGY4OC0zNDM2M2JjN2M0YzAiOnsiY3JlYXRlIjo2MDAwMDAwMDAwMDAsImRlbGV0ZSI6MTIwMDAwMDAwMDAwMH0sInNjaGVtYV92ZXJzaW9uIjoiMSJ9",
          "dependencies": [
            "aws_vpc.main"
          ]
        }
      ]
    },
    {
      "mode": "managed",
      "type": "aws_vpc",
      "name": "main",
      "provider": "provider.aws",
      "instances": [
        {
          "schema_version": 1,
          "attributes": {
            "arn": "arn:aws:ec2:us-west-1:378360623446:vpc/vpc-0d6a83cf001563284",
            "assign_generated_ipv6_cidr_block": false,
            "cidr_block": "10.0.0.0/16",
            "default_network_acl_id": "acl-004ecadde23e17d8a",
            "default_route_table_id": "rtb-035704af39f3958b6",
            "default_security_group_id": "sg-059baa9318bfeed58",
            "dhcp_options_id": "dopt-6d24340a",
            "enable_classiclink": false,
            "enable_classiclink_dns_support": false,
            "enable_dns_hostnames": false,
            "enable_dns_support": true,
            "id": "vpc-0d6a83cf001563284",
            "instance_tenancy": "default",
            "ipv6_association_id": "",
            "ipv6_cidr_block": "",
            "main_route_table_id": "rtb-035704af39f3958b6",
            "owner_id": "378360623446",
            "tags": {
              "Name": "vpc-main"
            }
          },
          "private": "eyJzY2hlbWFfdmVyc2lvbiI6IjEifQ=="
        }
      ]
    }
  ]
}
