{
  "version": 4,
  "terraform_version": "0.12.17",
  "serial": 49,
  "lineage": "54ca2b2d-e5ec-7b5d-bd69-0f45383f8c0e",
  "outputs": {},
  "resources": [
    {
      "mode": "managed",
      "type": "aws_s3_bucket",
      "name": "my_s3_bucket",
      "provider": "provider.aws",
      "instances": [
        {
          "schema_version": 0,
          "attributes": {
            "acceleration_status": "",
            "acl": "private",
            "arn": "arn:aws:s3:::my-s3-bucket-123",
            "bucket": "my-s3-bucket-123",
            "bucket_domain_name": "my-s3-bucket-123.s3.amazonaws.com",
            "bucket_prefix": null,
            "bucket_regional_domain_name": "my-s3-bucket-123.s3.us-west-1.amazonaws.com",
            "cors_rule": [],
            "force_destroy": false,
            "hosted_zone_id": "Z2F56UZL2M1ACD",
            "id": "my-s3-bucket-123",
            "lifecycle_rule": [],
            "logging": [],
            "object_lock_configuration": [],
            "policy": null,
            "region": "us-west-1",
            "replication_configuration": [],
            "request_payer": "BucketOwner",
            "server_side_encryption_configuration": [],
            "tags": {
              "Name": "my-s3-bucket"
            },
            "versioning": [
              {
                "enabled": false,
                "mfa_delete": false
              }
            ],
            "website": [],
            "website_domain": null,
            "website_endpoint": null
          }
        }
      ]
    }
  ]
}
