{
  "version": 4,
  "terraform_version": "0.12.17",
  "serial": 67,
  "lineage": "3e74abb5-404d-3379-59d6-cb089290a082",
  "outputs": {},
  "resources": [
    {
      "mode": "managed",
      "type": "aws_instance",
      "name": "nginx",
      "provider": "provider.aws",
      "instances": [
        {
          "status": "tainted",
          "schema_version": 1,
          "attributes": {
            "ami": "ami-03ba3948f6c37a4b0",
            "arn": "arn:aws:ec2:us-west-1:378360623446:instance/i-0f1674eb9e7be56e0",
            "associate_public_ip_address": true,
            "availability_zone": "us-west-1c",
            "cpu_core_count": 1,
            "cpu_threads_per_core": 1,
            "credit_specification": [
              {
                "cpu_credits": "standard"
              }
            ],
            "disable_api_termination": false,
            "ebs_block_device": [],
            "ebs_optimized": false,
            "ephemeral_block_device": [],
            "get_password_data": false,
            "host_id": null,
            "iam_instance_profile": "",
            "id": "i-0f1674eb9e7be56e0",
            "instance_initiated_shutdown_behavior": null,
            "instance_state": "running",
            "instance_type": "t2.micro",
            "ipv6_address_count": 0,
            "ipv6_addresses": [],
            "key_name": "ngixn-deploy",
            "monitoring": false,
            "network_interface": [],
            "network_interface_id": null,
            "password_data": "",
            "placement_group": "",
            "primary_network_interface_id": "eni-03f1a85fb51e8e228",
            "private_dns": "ip-172-31-1-243.us-west-1.compute.internal",
            "private_ip": "172.31.1.243",
            "public_dns": "ec2-52-53-234-58.us-west-1.compute.amazonaws.com",
            "public_ip": "52.53.234.58",
            "root_block_device": [
              {
                "delete_on_termination": true,
                "encrypted": false,
                "iops": 100,
                "kms_key_id": "",
                "volume_id": "vol-088c93c622dd0fcb6",
                "volume_size": 8,
                "volume_type": "gp2"
              }
            ],
            "security_groups": [
              "default"
            ],
            "source_dest_check": true,
            "subnet_id": "subnet-fad23ea0",
            "tags": null,
            "tenancy": "default",
            "timeouts": null,
            "user_data": null,
            "user_data_base64": null,
            "volume_tags": {},
            "vpc_security_group_ids": [
              "sg-dcc2b8ad"
            ]
          },
          "private": "eyJlMmJmYjczMC1lY2FhLTExZTYtOGY4OC0zNDM2M2JjN2M0YzAiOnsiY3JlYXRlIjo2MDAwMDAwMDAwMDAsImRlbGV0ZSI6MTIwMDAwMDAwMDAwMCwidXBkYXRlIjo2MDAwMDAwMDAwMDB9LCJzY2hlbWFfdmVyc2lvbiI6IjEifQ==",
          "dependencies": [
            "aws_key_pair.nginx-deployer"
          ]
        }
      ]
    },
    {
      "mode": "managed",
      "type": "aws_key_pair",
      "name": "nginx-deployer",
      "provider": "provider.aws",
      "instances": [
        {
          "schema_version": 1,
          "attributes": {
            "fingerprint": "2f:86:6d:19:be:45:56:1f:c5:35:6b:9b:4d:e1:47:b9",
            "id": "ngixn-deploy",
            "key_name": "ngixn-deploy",
            "key_name_prefix": null,
            "key_pair_id": "key-06550d71e20aecef2",
            "public_key": "ssh-rsa AAAAB3NzaC1yc2EAAAADAQABAAABAQC2F2kR2lTHTsawx2K3l/vNDjUo7jKIh2ZhWJ/bIQ3VbSaluMGK1iugpfBK071jW1a9lX95GLKP4qO0VKu2IIp2b3GO9d9sx8lJhCfAWSdXwnzY2DGsqNZX3TIp121YnKcUuzyyD/3WhcOSEvzZAXhm212aP9spFQGVdtoDFl1VdCHTzgaY62sYOY62ywil/LBd0CuNNpih0jtnipPh7hFhlW9+YzSSbSg7UJf7pHnxrAWQmaYL5zjSD/oS/g4P1Ang52IDFM1Pp9knxpsvUFceP4j0GhqUdkTh/gnNfAWCtp0bLdityB7LeQaIODYJvLMvdfVJxaiFm/Q4V4xfFCN9 kamblea@pun-kambleam-m.ds.ad.adp.com",
            "tags": null
          },
          "private": "eyJzY2hlbWFfdmVyc2lvbiI6IjEifQ=="
        }
      ]
    }
  ]
}
