{
  "version": 4,
  "terraform_version": "0.12.17",
  "serial": 55,
  "lineage": "3fe74599-4d67-7cef-c42c-5d5f840cfe91",
  "outputs": {
    "db_instance": {
      "value": {
        "address": "mariadb.cx4yjmka2wwa.us-west-1.rds.amazonaws.com",
        "allocated_storage": 10,
        "allow_major_version_upgrade": null,
        "apply_immediately": null,
        "arn": "arn:aws:rds:us-west-1:378360623446:db:mariadb",
        "auto_minor_version_upgrade": true,
        "availability_zone": "us-west-1a",
        "backup_retention_period": 0,
        "backup_window": "10:56-11:26",
        "ca_cert_identifier": "rds-ca-2019",
        "character_set_name": null,
        "copy_tags_to_snapshot": false,
        "db_subnet_group_name": "allow-rds-connect",
        "delete_automated_backups": true,
        "deletion_protection": false,
        "domain": "",
        "domain_iam_role_name": "",
        "enabled_cloudwatch_logs_exports": [],
        "endpoint": "mariadb.cx4yjmka2wwa.us-west-1.rds.amazonaws.com:3306",
        "engine": "mariadb",
        "engine_version": "10.1.14",
        "final_snapshot_identifier": null,
        "hosted_zone_id": "Z10WI91S59XXQN",
        "iam_database_authentication_enabled": false,
        "id": "mariadb",
        "identifier": "mariadb",
        "identifier_prefix": null,
        "instance_class": "db.t2.micro",
        "iops": 0,
        "kms_key_id": "",
        "license_model": "general-public-license",
        "maintenance_window": "sat:08:22-sat:08:52",
        "max_allocated_storage": 0,
        "monitoring_interval": 0,
        "monitoring_role_arn": "",
        "multi_az": false,
        "name": "mariadb",
        "option_group_name": "default:mariadb-10-1",
        "parameter_group_name": "maria-db-parameter-group",
        "password": "rootabhi123",
        "performance_insights_enabled": false,
        "performance_insights_kms_key_id": "",
        "performance_insights_retention_period": 0,
        "port": 3306,
        "publicly_accessible": false,
        "replicas": [],
        "replicate_source_db": "",
        "resource_id": "db-QW62ZBUYO3DFLR7ZBWDVC47CSA",
        "s3_import": [],
        "security_group_names": [],
        "skip_final_snapshot": false,
        "snapshot_identifier": null,
        "status": "available",
        "storage_encrypted": false,
        "storage_type": "gp2",
        "tags": {},
        "timeouts": null,
        "timezone": "",
        "username": "root",
        "vpc_security_group_ids": [
          "sg-093be0f31ddd9bf9a"
        ]
      },
      "type": [
        "object",
        {
          "address": "string",
          "allocated_storage": "number",
          "allow_major_version_upgrade": "bool",
          "apply_immediately": "bool",
          "arn": "string",
          "auto_minor_version_upgrade": "bool",
          "availability_zone": "string",
          "backup_retention_period": "number",
          "backup_window": "string",
          "ca_cert_identifier": "string",
          "character_set_name": "string",
          "copy_tags_to_snapshot": "bool",
          "db_subnet_group_name": "string",
          "delete_automated_backups": "bool",
          "deletion_protection": "bool",
          "domain": "string",
          "domain_iam_role_name": "string",
          "enabled_cloudwatch_logs_exports": [
            "list",
            "string"
          ],
          "endpoint": "string",
          "engine": "string",
          "engine_version": "string",
          "final_snapshot_identifier": "string",
          "hosted_zone_id": "string",
          "iam_database_authentication_enabled": "bool",
          "id": "string",
          "identifier": "string",
          "identifier_prefix": "string",
          "instance_class": "string",
          "iops": "number",
          "kms_key_id": "string",
          "license_model": "string",
          "maintenance_window": "string",
          "max_allocated_storage": "number",
          "monitoring_interval": "number",
          "monitoring_role_arn": "string",
          "multi_az": "bool",
          "name": "string",
          "option_group_name": "string",
          "parameter_group_name": "string",
          "password": "string",
          "performance_insights_enabled": "bool",
          "performance_insights_kms_key_id": "string",
          "performance_insights_retention_period": "number",
          "port": "number",
          "publicly_accessible": "bool",
          "replicas": [
            "list",
            "string"
          ],
          "replicate_source_db": "string",
          "resource_id": "string",
          "s3_import": [
            "list",
            [
              "object",
              {
                "bucket_name": "string",
                "bucket_prefix": "string",
                "ingestion_role": "string",
                "source_engine": "string",
                "source_engine_version": "string"
              }
            ]
          ],
          "security_group_names": [
            "set",
            "string"
          ],
          "skip_final_snapshot": "bool",
          "snapshot_identifier": "string",
          "status": "string",
          "storage_encrypted": "bool",
          "storage_type": "string",
          "tags": [
            "map",
            "string"
          ],
          "timeouts": [
            "object",
            {
              "create": "string",
              "delete": "string",
              "update": "string"
            }
          ],
          "timezone": "string",
          "username": "string",
          "vpc_security_group_ids": [
            "set",
            "string"
          ]
        }
      ]
    }
  },
  "resources": [
    {
      "mode": "managed",
      "type": "aws_db_instance",
      "name": "maridadb",
      "provider": "provider.aws",
      "instances": [
        {
          "schema_version": 1,
          "attributes": {
            "address": "mariadb.cx4yjmka2wwa.us-west-1.rds.amazonaws.com",
            "allocated_storage": 10,
            "allow_major_version_upgrade": null,
            "apply_immediately": null,
            "arn": "arn:aws:rds:us-west-1:378360623446:db:mariadb",
            "auto_minor_version_upgrade": true,
            "availability_zone": "us-west-1a",
            "backup_retention_period": 0,
            "backup_window": "10:56-11:26",
            "ca_cert_identifier": "rds-ca-2019",
            "character_set_name": null,
            "copy_tags_to_snapshot": false,
            "db_subnet_group_name": "allow-rds-connect",
            "delete_automated_backups": true,
            "deletion_protection": false,
            "domain": "",
            "domain_iam_role_name": "",
            "enabled_cloudwatch_logs_exports": [],
            "endpoint": "mariadb.cx4yjmka2wwa.us-west-1.rds.amazonaws.com:3306",
            "engine": "mariadb",
            "engine_version": "10.1.14",
            "final_snapshot_identifier": null,
            "hosted_zone_id": "Z10WI91S59XXQN",
            "iam_database_authentication_enabled": false,
            "id": "mariadb",
            "identifier": "mariadb",
            "identifier_prefix": null,
            "instance_class": "db.t2.micro",
            "iops": 0,
            "kms_key_id": "",
            "license_model": "general-public-license",
            "maintenance_window": "sat:08:22-sat:08:52",
            "max_allocated_storage": 0,
            "monitoring_interval": 0,
            "monitoring_role_arn": "",
            "multi_az": false,
            "name": "mariadb",
            "option_group_name": "default:mariadb-10-1",
            "parameter_group_name": "maria-db-parameter-group",
            "password": "rootabhi123",
            "performance_insights_enabled": false,
            "performance_insights_kms_key_id": "",
            "performance_insights_retention_period": 0,
            "port": 3306,
            "publicly_accessible": false,
            "replicas": [],
            "replicate_source_db": "",
            "resource_id": "db-QW62ZBUYO3DFLR7ZBWDVC47CSA",
            "s3_import": [],
            "security_group_names": [],
            "skip_final_snapshot": false,
            "snapshot_identifier": null,
            "status": "available",
            "storage_encrypted": false,
            "storage_type": "gp2",
            "tags": {},
            "timeouts": null,
            "timezone": "",
            "username": "root",
            "vpc_security_group_ids": [
              "sg-093be0f31ddd9bf9a"
            ]
          }
        }
      ]
    },
    {
      "mode": "managed",
      "type": "aws_db_parameter_group",
      "name": "db_parameters",
      "provider": "provider.aws",
      "instances": [
        {
          "schema_version": 0,
          "attributes": {
            "arn": "arn:aws:rds:us-west-1:378360623446:pg:maria-db-parameter-group",
            "description": "Managed by Terraform",
            "family": "mariadb10.1",
            "id": "maria-db-parameter-group",
            "name": "maria-db-parameter-group",
            "name_prefix": null,
            "parameter": [
              {
                "apply_method": "immediate",
                "name": "max_allowed_packet",
                "value": "16777216"
              }
            ],
            "tags": {}
          }
        }
      ]
    },
    {
      "mode": "managed",
      "type": "aws_db_subnet_group",
      "name": "allow_rds_connect",
      "provider": "provider.aws",
      "instances": [
        {
          "schema_version": 0,
          "attributes": {
            "arn": "arn:aws:rds:us-west-1:378360623446:subgrp:allow-rds-connect",
            "description": "Managed by Terraform",
            "id": "allow-rds-connect",
            "name": "allow-rds-connect",
            "name_prefix": null,
            "subnet_ids": [
              "subnet-0046d1eaeddd7599b",
              "subnet-0c644f62dda6d0e77"
            ],
            "tags": {
              "Name": "allow-rds-connect"
            }
          },
          "private": "bnVsbA==",
          "dependencies": [
            "aws_subnet.main_private",
            "aws_subnet.main_private2",
            "aws_vpc.main"
          ]
        }
      ]
    },
    {
      "mode": "managed",
      "type": "aws_security_group",
      "name": "connect_rds",
      "provider": "provider.aws",
      "instances": [
        {
          "schema_version": 1,
          "attributes": {
            "arn": "arn:aws:ec2:us-west-1:378360623446:security-group/sg-093be0f31ddd9bf9a",
            "description": "Managed by Terraform",
            "egress": [
              {
                "cidr_blocks": [
                  "0.0.0.0/0"
                ],
                "description": "",
                "from_port": 0,
                "ipv6_cidr_blocks": [],
                "prefix_list_ids": [],
                "protocol": "tcp",
                "security_groups": [],
                "self": false,
                "to_port": 0
              }
            ],
            "id": "sg-093be0f31ddd9bf9a",
            "ingress": [
              {
                "cidr_blocks": [
                  "0.0.0.0/0"
                ],
                "description": "",
                "from_port": 3306,
                "ipv6_cidr_blocks": [],
                "prefix_list_ids": [],
                "protocol": "tcp",
                "security_groups": [],
                "self": false,
                "to_port": 3306
              }
            ],
            "name": "rds-connect",
            "name_prefix": null,
            "owner_id": "378360623446",
            "revoke_rules_on_delete": false,
            "tags": {},
            "timeouts": null,
            "vpc_id": "vpc-006cf403e2f80ca0f"
          },
          "private": "eyJlMmJmYjczMC1lY2FhLTExZTYtOGY4OC0zNDM2M2JjN2M0YzAiOnsiY3JlYXRlIjo2MDAwMDAwMDAwMDAsImRlbGV0ZSI6NjAwMDAwMDAwMDAwfSwic2NoZW1hX3ZlcnNpb24iOiIxIn0=",
          "dependencies": [
            "aws_vpc.main"
          ]
        }
      ]
    },
    {
      "mode": "managed",
      "type": "aws_subnet",
      "name": "main_private",
      "provider": "provider.aws",
      "instances": [
        {
          "schema_version": 1,
          "attributes": {
            "arn": "arn:aws:ec2:us-west-1:378360623446:subnet/subnet-0046d1eaeddd7599b",
            "assign_ipv6_address_on_creation": false,
            "availability_zone": "us-west-1a",
            "availability_zone_id": "usw1-az1",
            "cidr_block": "10.0.2.0/24",
            "id": "subnet-0046d1eaeddd7599b",
            "ipv6_cidr_block": "",
            "ipv6_cidr_block_association_id": "",
            "map_public_ip_on_launch": false,
            "owner_id": "378360623446",
            "tags": {
              "Name": "main-private-subnet"
            },
            "timeouts": null,
            "vpc_id": "vpc-006cf403e2f80ca0f"
          },
          "private": "eyJlMmJmYjczMC1lY2FhLTExZTYtOGY4OC0zNDM2M2JjN2M0YzAiOnsiY3JlYXRlIjo2MDAwMDAwMDAwMDAsImRlbGV0ZSI6MTIwMDAwMDAwMDAwMH0sInNjaGVtYV92ZXJzaW9uIjoiMSJ9",
          "dependencies": [
            "aws_vpc.main"
          ]
        }
      ]
    },
    {
      "mode": "managed",
      "type": "aws_subnet",
      "name": "main_private2",
      "provider": "provider.aws",
      "instances": [
        {
          "schema_version": 1,
          "attributes": {
            "arn": "arn:aws:ec2:us-west-1:378360623446:subnet/subnet-0c644f62dda6d0e77",
            "assign_ipv6_address_on_creation": false,
            "availability_zone": "us-west-1c",
            "availability_zone_id": "usw1-az3",
            "cidr_block": "10.0.3.0/24",
            "id": "subnet-0c644f62dda6d0e77",
            "ipv6_cidr_block": "",
            "ipv6_cidr_block_association_id": "",
            "map_public_ip_on_launch": false,
            "owner_id": "378360623446",
            "tags": {
              "Name": "main-private2-subnet"
            },
            "timeouts": null,
            "vpc_id": "vpc-006cf403e2f80ca0f"
          },
          "private": "eyJlMmJmYjczMC1lY2FhLTExZTYtOGY4OC0zNDM2M2JjN2M0YzAiOnsiY3JlYXRlIjo2MDAwMDAwMDAwMDAsImRlbGV0ZSI6MTIwMDAwMDAwMDAwMH0sInNjaGVtYV92ZXJzaW9uIjoiMSJ9",
          "dependencies": [
            "aws_vpc.main"
          ]
        }
      ]
    },
    {
      "mode": "managed",
      "type": "aws_vpc",
      "name": "main",
      "provider": "provider.aws",
      "instances": [
        {
          "schema_version": 1,
          "attributes": {
            "arn": "arn:aws:ec2:us-west-1:378360623446:vpc/vpc-006cf403e2f80ca0f",
            "assign_generated_ipv6_cidr_block": false,
            "cidr_block": "10.0.0.0/16",
            "default_network_acl_id": "acl-028de60a31903f735",
            "default_route_table_id": "rtb-020d4d73f14676c90",
            "default_security_group_id": "sg-0e8f9bd98062429ce",
            "dhcp_options_id": "dopt-6d24340a",
            "enable_classiclink": false,
            "enable_classiclink_dns_support": false,
            "enable_dns_hostnames": false,
            "enable_dns_support": true,
            "id": "vpc-006cf403e2f80ca0f",
            "instance_tenancy": "default",
            "ipv6_association_id": "",
            "ipv6_cidr_block": "",
            "main_route_table_id": "rtb-020d4d73f14676c90",
            "owner_id": "378360623446",
            "tags": {
              "Name": "main-vpc"
            }
          },
          "private": "eyJzY2hlbWFfdmVyc2lvbiI6IjEifQ=="
        }
      ]
    }
  ]
}
