{
  "version": 4,
  "terraform_version": "0.12.17",
  "serial": 7,
  "lineage": "ba6b8ee9-2d53-e7b4-5233-343497cd7bbc",
  "outputs": {},
  "resources": [
    {
      "mode": "managed",
      "type": "aws_iam_group",
      "name": "administrator",
      "provider": "provider.aws",
      "instances": [
        {
          "schema_version": 0,
          "attributes": {
            "arn": "arn:aws:iam::378360623446:group/developers",
            "id": "developers",
            "name": "developers",
            "path": "/",
            "unique_id": "AGPAVQGAM6FLBZVKIKJE7"
          },
          "private": "bnVsbA=="
        }
      ]
    },
    {
      "mode": "managed",
      "type": "aws_iam_group_policy_attachment",
      "name": "administrator_attach",
      "provider": "provider.aws",
      "instances": [
        {
          "schema_version": 0,
          "attributes": {
            "group": "developers",
            "id": "developers-20200221181524721600000001",
            "policy_arn": "arn:aws:iam::aws:policy/AdministratorAccess"
          },
          "private": "bnVsbA==",
          "dependencies": [
            "aws_iam_group.administrator"
          ]
        }
      ]
    },
    {
      "mode": "managed",
      "type": "aws_iam_user",
      "name": "Abhi",
      "provider": "provider.aws",
      "instances": [
        {
          "schema_version": 0,
          "attributes": {
            "arn": "arn:aws:iam::378360623446:user/Abhi",
            "force_destroy": false,
            "id": "Abhi",
            "name": "Abhi",
            "path": "/",
            "permissions_boundary": null,
            "tags": {},
            "unique_id": "AIDAVQGAM6FLA4WOARZ6B"
          },
          "private": "bnVsbA=="
        }
      ]
    },
    {
      "mode": "managed",
      "type": "aws_iam_user_group_membership",
      "name": "name",
      "provider": "provider.aws",
      "instances": [
        {
          "schema_version": 0,
          "attributes": {
            "groups": [
              "developers"
            ],
            "id": "terraform-20200221181525959100000002",
            "user": "Abhi"
          },
          "private": "bnVsbA==",
          "dependencies": [
            "aws_iam_group.administrator",
            "aws_iam_user.Abhi"
          ]
        }
      ]
    }
  ]
}
