{
  "version": 4,
  "terraform_version": "0.12.17",
  "serial": 10,
  "lineage": "50fc95da-bdae-911a-09d3-950b2502dce3",
  "outputs": {
    "ecr_demo_url": {
      "value": "378360623446.dkr.ecr.us-west-1.amazonaws.com/ecr_demo",
      "type": "string"
    }
  },
  "resources": [
    {
      "mode": "managed",
      "type": "aws_ecr_repository",
      "name": "ecr_demo",
      "provider": "provider.aws",
      "instances": [
        {
          "schema_version": 0,
          "attributes": {
            "arn": "arn:aws:ecr:us-west-1:378360623446:repository/ecr_demo",
            "id": "ecr_demo",
            "image_scanning_configuration": [
              {
                "scan_on_push": true
              }
            ],
            "image_tag_mutability": "MUTABLE",
            "name": "ecr_demo",
            "registry_id": "378360623446",
            "repository_url": "378360623446.dkr.ecr.us-west-1.amazonaws.com/ecr_demo",
            "tags": {},
            "timeouts": null
          },
          "private": "eyJlMmJmYjczMC1lY2FhLTExZTYtOGY4OC0zNDM2M2JjN2M0YzAiOnsiZGVsZXRlIjoxMjAwMDAwMDAwMDAwfX0="
        }
      ]
    },
    {
      "mode": "managed",
      "type": "aws_ecs_cluster",
      "name": "ecs_cluster",
      "provider": "provider.aws",
      "instances": [
        {
          "schema_version": 0,
          "attributes": {
            "arn": "arn:aws:ecs:us-west-1:378360623446:cluster/ecs_test",
            "capacity_providers": null,
            "default_capacity_provider_strategy": [],
            "id": "arn:aws:ecs:us-west-1:378360623446:cluster/ecs_test",
            "name": "ecs_test",
            "setting": [
              {
                "name": "containerInsights",
                "value": "disabled"
              }
            ],
            "tags": null
          },
          "private": "bnVsbA=="
        }
      ]
    },
    {
      "mode": "managed",
      "type": "aws_internet_gateway",
      "name": "main_vpc_ig",
      "provider": "provider.aws",
      "instances": [
        {
          "schema_version": 0,
          "attributes": {
            "id": "igw-0216c38276d9994b7",
            "owner_id": "378360623446",
            "tags": {
              "Name": "main_vpc_ig"
            },
            "vpc_id": "vpc-09e8904d2e14f9e17"
          },
          "private": "bnVsbA==",
          "dependencies": [
            "aws_vpc.main_vpc"
          ]
        }
      ]
    },
    {
      "mode": "managed",
      "type": "aws_route_table",
      "name": "internet_route_table",
      "provider": "provider.aws",
      "instances": [
        {
          "schema_version": 0,
          "attributes": {
            "id": "rtb-084376a0fb2df6454",
            "owner_id": "378360623446",
            "propagating_vgws": [],
            "route": [
              {
                "cidr_block": "0.0.0.0/0",
                "egress_only_gateway_id": "",
                "gateway_id": "igw-0216c38276d9994b7",
                "instance_id": "",
                "ipv6_cidr_block": "",
                "nat_gateway_id": "",
                "network_interface_id": "",
                "transit_gateway_id": "",
                "vpc_peering_connection_id": ""
              }
            ],
            "tags": {},
            "vpc_id": "vpc-09e8904d2e14f9e17"
          },
          "private": "bnVsbA==",
          "dependencies": [
            "aws_internet_gateway.main_vpc_ig",
            "aws_vpc.main_vpc"
          ]
        }
      ]
    },
    {
      "mode": "managed",
      "type": "aws_route_table_association",
      "name": "route_table_associate_main_vpc_public",
      "provider": "provider.aws",
      "instances": [
        {
          "schema_version": 0,
          "attributes": {
            "gateway_id": null,
            "id": "rtbassoc-0be9e9fe8267c5d12",
            "route_table_id": "rtb-084376a0fb2df6454",
            "subnet_id": "subnet-03198f7274f3c63f8"
          },
          "private": "bnVsbA==",
          "dependencies": [
            "aws_route_table.internet_route_table",
            "aws_subnet.main_vpc_public",
            "aws_vpc.main_vpc"
          ]
        }
      ]
    },
    {
      "mode": "managed",
      "type": "aws_subnet",
      "name": "main_vpc_public",
      "provider": "provider.aws",
      "instances": [
        {
          "schema_version": 1,
          "attributes": {
            "arn": "arn:aws:ec2:us-west-1:378360623446:subnet/subnet-03198f7274f3c63f8",
            "assign_ipv6_address_on_creation": false,
            "availability_zone": "us-west-1a",
            "availability_zone_id": "usw1-az1",
            "cidr_block": "10.0.1.0/24",
            "id": "subnet-03198f7274f3c63f8",
            "ipv6_cidr_block": "",
            "ipv6_cidr_block_association_id": "",
            "map_public_ip_on_launch": true,
            "owner_id": "378360623446",
            "tags": {
              "Name": "main_vpc_public"
            },
            "timeouts": null,
            "vpc_id": "vpc-09e8904d2e14f9e17"
          },
          "private": "eyJlMmJmYjczMC1lY2FhLTExZTYtOGY4OC0zNDM2M2JjN2M0YzAiOnsiY3JlYXRlIjo2MDAwMDAwMDAwMDAsImRlbGV0ZSI6MTIwMDAwMDAwMDAwMH0sInNjaGVtYV92ZXJzaW9uIjoiMSJ9",
          "dependencies": [
            "aws_vpc.main_vpc"
          ]
        }
      ]
    },
    {
      "mode": "managed",
      "type": "aws_vpc",
      "name": "main_vpc",
      "provider": "provider.aws",
      "instances": [
        {
          "schema_version": 1,
          "attributes": {
            "arn": "arn:aws:ec2:us-west-1:378360623446:vpc/vpc-09e8904d2e14f9e17",
            "assign_generated_ipv6_cidr_block": false,
            "cidr_block": "10.0.0.0/16",
            "default_network_acl_id": "acl-0d00f29ce3ef8edb5",
            "default_route_table_id": "rtb-0a5263d1b1b6d6a79",
            "default_security_group_id": "sg-0b54b90c3e5f5a401",
            "dhcp_options_id": "dopt-6d24340a",
            "enable_classiclink": false,
            "enable_classiclink_dns_support": false,
            "enable_dns_hostnames": false,
            "enable_dns_support": true,
            "id": "vpc-09e8904d2e14f9e17",
            "instance_tenancy": "default",
            "ipv6_association_id": "",
            "ipv6_cidr_block": "",
            "main_route_table_id": "rtb-0a5263d1b1b6d6a79",
            "owner_id": "378360623446",
            "tags": {}
          },
          "private": "eyJzY2hlbWFfdmVyc2lvbiI6IjEifQ=="
        }
      ]
    }
  ]
}
