{
  "version": 4,
  "terraform_version": "0.12.17",
  "serial": 5,
  "lineage": "c92059f4-4e79-3cc9-56f3-1959ee7fe10c",
  "outputs": {
    "ip_range_ec2": {
      "value": [
        "13.52.0.0/16",
        "13.56.0.0/16",
        "13.57.0.0/16",
        "15.177.81.0/24",
        "18.144.0.0/15",
        "184.169.128.0/17",
        "184.72.0.0/18",
        "204.236.128.0/18",
        "216.182.236.0/23",
        "3.101.0.0/16",
        "50.18.0.0/16",
        "52.52.0.0/15",
        "52.8.0.0/16",
        "52.9.0.0/16",
        "52.94.248.128/28",
        "52.94.249.80/28",
        "52.95.246.0/24",
        "52.95.255.96/28",
        "54.151.0.0/17",
        "54.153.0.0/17",
        "54.176.0.0/15",
        "54.183.0.0/16",
        "54.193.0.0/16",
        "54.215.0.0/16",
        "54.219.0.0/16",
        "54.241.0.0/16",
        "54.67.0.0/16",
        "99.77.132.0/24"
      ],
      "type": [
        "list",
        "string"
      ]
    }
  },
  "resources": [
    {
      "mode": "data",
      "type": "aws_ip_ranges",
      "name": "ip_ranges",
      "provider": "provider.aws",
      "instances": [
        {
          "schema_version": 0,
          "attributes": {
            "cidr_blocks": [
              "13.52.0.0/16",
              "13.56.0.0/16",
              "13.57.0.0/16",
              "15.177.81.0/24",
              "18.144.0.0/15",
              "184.169.128.0/17",
              "184.72.0.0/18",
              "204.236.128.0/18",
              "216.182.236.0/23",
              "3.101.0.0/16",
              "50.18.0.0/16",
              "52.52.0.0/15",
              "52.8.0.0/16",
              "52.9.0.0/16",
              "52.94.248.128/28",
              "52.94.249.80/28",
              "52.95.246.0/24",
              "52.95.255.96/28",
              "54.151.0.0/17",
              "54.153.0.0/17",
              "54.176.0.0/15",
              "54.183.0.0/16",
              "54.193.0.0/16",
              "54.215.0.0/16",
              "54.219.0.0/16",
              "54.241.0.0/16",
              "54.67.0.0/16",
              "99.77.132.0/24"
            ],
            "create_date": "2020-02-13-20-13-10",
            "id": "1581624790",
            "ipv6_cidr_blocks": [
              "2600:1f00:c000::/40",
              "2600:1f1c::/36",
              "2600:1fff:c000::/40",
              "2620:107:300f::/64"
            ],
            "regions": [
              "us-west-1"
            ],
            "services": [
              "ec2"
            ],
            "sync_token": 1581624790,
            "url": "https://ip-ranges.amazonaws.com/ip-ranges.json"
          }
        }
      ]
    },
    {
      "mode": "managed",
      "type": "aws_security_group",
      "name": "us-west-security-group-https",
      "provider": "provider.aws",
      "instances": [
        {
          "schema_version": 1,
          "attributes": {
            "arn": "arn:aws:ec2:us-west-1:378360623446:security-group/sg-0b74f3e2f08409761",
            "description": "Managed by Terraform",
            "egress": [],
            "id": "sg-0b74f3e2f08409761",
            "ingress": [
              {
                "cidr_blocks": [
                  "13.52.0.0/16",
                  "13.56.0.0/16",
                  "13.57.0.0/16",
                  "15.177.81.0/24",
                  "18.144.0.0/15",
                  "184.169.128.0/17",
                  "184.72.0.0/18",
                  "204.236.128.0/18",
                  "216.182.236.0/23",
                  "3.101.0.0/16",
                  "50.18.0.0/16",
                  "52.52.0.0/15",
                  "52.8.0.0/16",
                  "52.9.0.0/16",
                  "52.94.248.128/28",
                  "52.94.249.80/28",
                  "52.95.246.0/24",
                  "52.95.255.96/28",
                  "54.151.0.0/17",
                  "54.153.0.0/17",
                  "54.176.0.0/15",
                  "54.183.0.0/16",
                  "54.193.0.0/16",
                  "54.215.0.0/16",
                  "54.219.0.0/16",
                  "54.241.0.0/16",
                  "54.67.0.0/16",
                  "99.77.132.0/24"
                ],
                "description": "",
                "from_port": 443,
                "ipv6_cidr_blocks": [
                  "2600:1f00:c000::/40",
                  "2600:1f1c::/36",
                  "2600:1fff:c000::/40",
                  "2620:107:300f::/64"
                ],
                "prefix_list_ids": [],
                "protocol": "tcp",
                "security_groups": [],
                "self": false,
                "to_port": 443
              }
            ],
            "name": "us-west-security-group-https",
            "name_prefix": null,
            "owner_id": "378360623446",
            "revoke_rules_on_delete": false,
            "tags": null,
            "timeouts": null,
            "vpc_id": "vpc-aa29c8cc"
          },
          "private": "eyJlMmJmYjczMC1lY2FhLTExZTYtOGY4OC0zNDM2M2JjN2M0YzAiOnsiY3JlYXRlIjo2MDAwMDAwMDAwMDAsImRlbGV0ZSI6NjAwMDAwMDAwMDAwfSwic2NoZW1hX3ZlcnNpb24iOiIxIn0="
        }
      ]
    }
  ]
}
